// !$*UTF8*$!
{
	archiveVersion = 1;
	classes = {
	};
	objectVersion = 46;
	objects = {

/* Begin PBXBuildFile section */
		352228FB1A34021E0047C62E /* AppDelegate.swift in Sources */ = {isa = PBXBuildFile; fileRef = 352228FA1A34021E0047C62E /* AppDelegate.swift */; };
		352228FE1A34021E0047C62E /* ControlFlow_XCode.xcdatamodeld in Sources */ = {isa = PBXBuildFile; fileRef = 352228FC1A34021E0047C62E /* ControlFlow_XCode.xcdatamodeld */; };
		352229001A34021E0047C62E /* ViewController.swift in Sources */ = {isa = PBXBuildFile; fileRef = 352228FF1A34021E0047C62E /* ViewController.swift */; };
		352229031A34021E0047C62E /* Main.storyboard in Resources */ = {isa = PBXBuildFile; fileRef = 352229011A34021E0047C62E /* Main.storyboard */; };
		352229051A34021E0047C62E /* Images.xcassets in Resources */ = {isa = PBXBuildFile; fileRef = 352229041A34021E0047C62E /* Images.xcassets */; };
		352229081A34021E0047C62E /* LaunchScreen.xib in Resources */ = {isa = PBXBuildFile; fileRef = 352229061A34021E0047C62E /* LaunchScreen.xib */; };
		352229141A34021E0047C62E /* ControlFlow_XCodeTests.swift in Sources */ = {isa = PBXBuildFile; fileRef = 352229131A34021E0047C62E /* ControlFlow_XCodeTests.swift */; };
/* End PBXBuildFile section */

/* Begin PBXContainerItemProxy section */
		3522290E1A34021E0047C62E /* PBXContainerItemProxy */ = {
			isa = PBXContainerItemProxy;
			containerPortal = 352228ED1A34021E0047C62E /* Project object */;
			proxyType = 1;
			remoteGlobalIDString = 352228F41A34021E0047C62E;
			remoteInfo = "ControlFlow-XCode";
		};
/* End PBXContainerItemProxy section */

/* Begin PBXFileReference section */
		352228F51A34021E0047C62E /* ControlFlow-XCode.app */ = {isa = PBXFileReference; explicitFileType = wrapper.application; includeInIndex = 0; path = "ControlFlow-XCode.app"; sourceTree = BUILT_PRODUCTS_DIR; };
		352228F91A34021E0047C62E /* Info.plist */ = {isa = PBXFileReference; lastKnownFileType = text.plist.xml; path = Info.plist; sourceTree = "<group>"; };
		352228FA1A34021E0047C62E /* AppDelegate.swift */ = {isa = PBXFileReference; lastKnownFileType = sourcecode.swift; path = AppDelegate.swift; sourceTree = "<group>"; };
		352228FD1A34021E0047C62E /* ControlFlow_XCode.xcdatamodel */ = {isa = PBXFileReference; lastKnownFileType = wrapper.xcdatamodel; path = ControlFlow_XCode.xcdatamodel; sourceTree = "<group>"; };
		352228FF1A34021E0047C62E /* ViewController.swift */ = {isa = PBXFileReference; lastKnownFileType = sourcecode.swift; path = ViewController.swift; sourceTree = "<group>"; };
		352229021A34021E0047C62E /* Base */ = {isa = PBXFileReference; lastKnownFileType = file.storyboard; name = Base; path = Base.lproj/Main.storyboard; sourceTree = "<group>"; };
		352229041A34021E0047C62E /* Images.xcassets */ = {isa = PBXFileReference; lastKnownFileType = folder.assetcatalog; path = Images.xcassets; sourceTree = "<group>"; };
		352229071A34021E0047C62E /* Base */ = {isa = PBXFileReference; lastKnownFileType = file.xib; name = Base; path = Base.lproj/LaunchScreen.xib; sourceTree = "<group>"; };
		3522290D1A34021E0047C62E /* ControlFlow-XCodeTests.xctest */ = {isa = PBXFileReference; explicitFileType = wrapper.cfbundle; includeInIndex = 0; path = "ControlFlow-XCodeTests.xctest"; sourceTree = BUILT_PRODUCTS_DIR; };
		352229121A34021E0047C62E /* Info.plist */ = {isa = PBXFileReference; lastKnownFileType = text.plist.xml; path = Info.plist; sourceTree = "<group>"; };
		352229131A34021E0047C62E /* ControlFlow_XCodeTests.swift */ = {isa = PBXFileReference; lastKnownFileType = sourcecode.swift; path = ControlFlow_XCodeTests.swift; sourceTree = "<group>"; };
/* End PBXFileReference section */

/* Begin PBXFrameworksBuildPhase section */
		352228F21A34021E0047C62E /* Frameworks */ = {
			isa = PBXFrameworksBuildPhase;
			buildActionMask = 2147483647;
			files = (
			);
			runOnlyForDeploymentPostprocessing = 0;
		};
		3522290A1A34021E0047C62E /* Frameworks */ = {
			isa = PBXFrameworksBuildPhase;
			buildActionMask = 2147483647;
			files = (
			);
			runOnlyForDeploymentPostprocessing = 0;
		};
/* End PBXFrameworksBuildPhase section */

/* Begin PBXGroup section */
		352228EC1A34021E0047C62E = {
			isa = PBXGroup;
			children = (
				352228F71A34021E0047C62E /* ControlFlow-XCode */,
				352229101A34021E0047C62E /* ControlFlow-XCodeTests */,
				352228F61A34021E0047C62E /* Products */,
			);
			sourceTree = "<group>";
		};
		352228F61A34021E0047C62E /* Products */ = {
			isa = PBXGroup;
			children = (
				352228F51A34021E0047C62E /* ControlFlow-XCode.app */,
				3522290D1A34021E0047C62E /* ControlFlow-XCodeTests.xctest */,
			);
			name = Products;
			sourceTree = "<group>";
		};
		352228F71A34021E0047C62E /* ControlFlow-XCode */ = {
			isa = PBXGroup;
			children = (
				352228FA1A34021E0047C62E /* AppDelegate.swift */,
				352228FF1A34021E0047C62E /* ViewController.swift */,
				352229011A34021E0047C62E /* Main.storyboard */,
				352229041A34021E0047C62E /* Images.xcassets */,
				352229061A34021E0047C62E /* LaunchScreen.xib */,
				352228FC1A34021E0047C62E /* ControlFlow_XCode.xcdatamodeld */,
				352228F81A34021E0047C62E /* Supporting Files */,
			);
			path = "ControlFlow-XCode";
			sourceTree = "<group>";
		};
		352228F81A34021E0047C62E /* Supporting Files */ = {
			isa = PBXGroup;
			children = (
				352228F91A34021E0047C62E /* Info.plist */,
			);
			name = "Supporting Files";
			sourceTree = "<group>";
		};
		352229101A34021E0047C62E /* ControlFlow-XCodeTests */ = {
			isa = PBXGroup;
			children = (
				352229131A34021E0047C62E /* ControlFlow_XCodeTests.swift */,
				352229111A34021E0047C62E /* Supporting Files */,
			);
			path = "ControlFlow-XCodeTests";
			sourceTree = "<group>";
		};
		352229111A34021E0047C62E /* Supporting Files */ = {
			isa = PBXGroup;
			children = (
				352229121A34021E0047C62E /* Info.plist */,
			);
			name = "Supporting Files";
			sourceTree = "<group>";
		};
/* End PBXGroup section */

/* Begin PBXNativeTarget section */
		352228F41A34021E0047C62E /* ControlFlow-XCode */ = {
			isa = PBXNativeTarget;
			buildConfigurationList = 352229171A34021E0047C62E /* Build configuration list for PBXNativeTarget "ControlFlow-XCode" */;
			buildPhases = (
				352228F11A34021E0047C62E /* Sources */,
				352228F21A34021E0047C62E /* Frameworks */,
				352228F31A34021E0047C62E /* Resources */,
			);
			buildRules = (
			);
			dependencies = (
			);
			name = "ControlFlow-XCode";
			productName = "ControlFlow-XCode";
			productReference = 352228F51A34021E0047C62E /* ControlFlow-XCode.app */;
			productType = "com.apple.product-type.application";
		};
		3522290C1A34021E0047C62E /* ControlFlow-XCodeTests */ = {
			isa = PBXNativeTarget;
			buildConfigurationList = 3522291A1A34021E0047C62E /* Build configuration list for PBXNativeTarget "ControlFlow-XCodeTests" */;
			buildPhases = (
				352229091A34021E0047C62E /* Sources */,
				3522290A1A34021E0047C62E /* Frameworks */,
				3522290B1A34021E0047C62E /* Resources */,
			);
			buildRules = (
			);
			dependencies = (
				3522290F1A34021E0047C62E /* PBXTargetDependency */,
			);
			name = "ControlFlow-XCodeTests";
			productName = "ControlFlow-XCodeTests";
			productReference = 3522290D1A34021E0047C62E /* ControlFlow-XCodeTests.xctest */;
			productType = "com.apple.product-type.bundle.unit-test";
		};
/* End PBXNativeTarget section */

/* Begin PBXProject section */
		352228ED1A34021E0047C62E /* Project object */ = {
			isa = PBXProject;
			attributes = {
				LastUpgradeCheck = 0610;
				ORGANIZATIONNAME = "Steven W.";
				TargetAttributes = {
					352228F41A34021E0047C62E = {
						CreatedOnToolsVersion = 6.1;
					};
					3522290C1A34021E0047C62E = {
						CreatedOnToolsVersion = 6.1;
						TestTargetID = 352228F41A34021E0047C62E;
					};
				};
			};
			buildConfigurationList = 352228F01A34021E0047C62E /* Build configuration list for PBXProject "ControlFlow-XCode" */;
			compatibilityVersion = "Xcode 3.2";
			developmentRegion = English;
			hasScannedForEncodings = 0;
			knownRegions = (
				en,
				Base,
			);
			mainGroup = 352228EC1A34021E0047C62E;
			productRefGroup = 352228F61A34021E0047C62E /* Products */;
			projectDirPath = "";
			projectRoot = "";
			targets = (
				352228F41A34021E0047C62E /* ControlFlow-XCode */,
				3522290C1A34021E0047C62E /* ControlFlow-XCodeTests */,
			);
		};
/* End PBXProject section */

/* Begin PBXResourcesBuildPhase section */
		352228F31A34021E0047C62E /* Resources */ = {
			isa = PBXResourcesBuildPhase;
			buildActionMask = 2147483647;
			files = (
				352229031A34021E0047C62E /* Main.storyboard in Resources */,
				352229081A34021E0047C62E /* LaunchScreen.xib in Resources */,
				352229051A34021E0047C62E /* Images.xcassets in Resources */,
			);
			runOnlyForDeploymentPostprocessing = 0;
		};
		3522290B1A34021E0047C62E /* Resources */ = {
			isa = PBXResourcesBuildPhase;
			buildActionMask = 2147483647;
			files = (
			);
			runOnlyForDeploymentPostprocessing = 0;
		};
/* End PBXResourcesBuildPhase section */

/* Begin PBXSourcesBuildPhase section */
		352228F11A34021E0047C62E /* Sources */ = {
			isa = PBXSourcesBuildPhase;
			buildActionMask = 2147483647;
			files = (
				352229001A34021E0047C62E /* ViewController.swift in Sources */,
				352228FB1A34021E0047C62E /* AppDelegate.swift in Sources */,
				352228FE1A34021E0047C62E /* ControlFlow_XCode.xcdatamodeld in Sources */,
			);
			runOnlyForDeploymentPostprocessing = 0;
		};
		352229091A34021E0047C62E /* Sources */ = {
			isa = PBXSourcesBuildPhase;
			buildActionMask = 2147483647;
			files = (
				352229141A34021E0047C62E /* ControlFlow_XCodeTests.swift in Sources */,
			);
			runOnlyForDeploymentPostprocessing = 0;
		};
/* End PBXSourcesBuildPhase section */

/* Begin PBXTargetDependency section */
		3522290F1A34021E0047C62E /* PBXTargetDependency */ = {
			isa = PBXTargetDependency;
			target = 352228F41A34021E0047C62E /* ControlFlow-XCode */;
			targetProxy = 3522290E1A34021E0047C62E /* PBXContainerItemProxy */;
		};
/* End PBXTargetDependency section */

/* Begin PBXVariantGroup section */
		352229011A34021E0047C62E /* Main.storyboard */ = {
			isa = PBXVariantGroup;
			children = (
				352229021A34021E0047C62E /* Base */,
			);
			name = Main.storyboard;
			sourceTree = "<group>";
		};
		352229061A34021E0047C62E /* LaunchScreen.xib */ = {
			isa = PBXVariantGroup;
			children = (
				352229071A34021E0047C62E /* Base */,
			);
			name = LaunchScreen.xib;
			sourceTree = "<group>";
		};
/* End PBXVariantGroup section */

/* Begin XCBuildConfiguration section */
		352229151A34021E0047C62E /* Debug */ = {
			isa = XCBuildConfiguration;
			buildSettings = {
				ALWAYS_SEARCH_USER_PATHS = NO;
				CLANG_CXX_LANGUAGE_STANDARD = "gnu++0x";
				CLANG_CXX_LIBRARY = "libc++";
				CLANG_ENABLE_MODULES = YES;
				CLANG_ENABLE_OBJC_ARC = YES;
				CLANG_WARN_BOOL_CONVERSION = YES;
				CLANG_WARN_CONSTANT_CONVERSION = YES;
				CLANG_WARN_DIRECT_OBJC_ISA_USAGE = YES_ERROR;
				CLANG_WARN_EMPTY_BODY = YES;
				CLANG_WARN_ENUM_CONVERSION = YES;
				CLANG_WARN_INT_CONVERSION = YES;
				CLANG_WARN_OBJC_ROOT_CLASS = YES_ERROR;
				CLANG_WARN_UNREACHABLE_CODE = YES;
				CLANG_WARN__DUPLICATE_METHOD_MATCH = YES;
				"CODE_SIGN_IDENTITY[sdk=iphoneos*]" = "iPhone Developer";
				COPY_PHASE_STRIP = NO;
				ENABLE_STRICT_OBJC_MSGSEND = YES;
				GCC_C_LANGUAGE_STANDARD = gnu99;
				GCC_DYNAMIC_NO_PIC = NO;
				GCC_OPTIMIZATION_LEVEL = 0;
				GCC_PREPROCESSOR_DEFINITIONS = (
					"DEBUG=1",
					"$(inherited)",
				);
				GCC_SYMBOLS_PRIVATE_EXTERN = NO;
				GCC_WARN_64_TO_32_BIT_CONVERSION = YES;
				GCC_WARN_ABOUT_RETURN_TYPE = YES_ERROR;
				GCC_WARN_UNDECLARED_SELECTOR = YES;
				GCC_WARN_UNINITIALIZED_AUTOS = YES_AGGRESSIVE;
				GCC_WARN_UNUSED_FUNCTION = YES;
				GCC_WARN_UNUSED_VARIABLE = YES;
				IPHONEOS_DEPLOYMENT_TARGET = 8.1;
				MTL_ENABLE_DEBUG_INFO = YES;
				ONLY_ACTIVE_ARCH = YES;
				SDKROOT = iphoneos;
				SWIFT_OPTIMIZATION_LEVEL = "-Onone";
				TARGETED_DEVICE_FAMILY = "1,2";
			};
			name = Debug;
		};
		352229161A34021E0047C62E /* Release */ = {
			isa = XCBuildConfiguration;
			buildSettings = {
				ALWAYS_SEARCH_USER_PATHS = NO;
				CLANG_CXX_LANGUAGE_STANDARD = "gnu++0x";
				CLANG_CXX_LIBRARY = "libc++";
				CLANG_ENABLE_MODULES = YES;
				CLANG_ENABLE_OBJC_ARC = YES;
				CLANG_WARN_BOOL_CONVERSION = YES;
				CLANG_WARN_CONSTANT_CONVERSION = YES;
				CLANG_WARN_DIRECT_OBJC_ISA_USAGE = YES_ERROR;
				CLANG_WARN_EMPTY_BODY = YES;
				CLANG_WARN_ENUM_CONVERSION = YES;
				CLANG_WARN_INT_CONVERSION = YES;
				CLANG_WARN_OBJC_ROOT_CLASS = YES_ERROR;
				CLANG_WARN_UNREACHABLE_CODE = YES;
				CLANG_WARN__DUPLICATE_METHOD_MATCH = YES;
				"CODE_SIGN_IDENTITY[sdk=iphoneos*]" = "iPhone Developer";
				COPY_PHASE_STRIP = YES;
				ENABLE_NS_ASSERTIONS = NO;
				ENABLE_STRICT_OBJC_MSGSEND = YES;
				GCC_C_LANGUAGE_STANDARD = gnu99;
				GCC_WARN_64_TO_32_BIT_CONVERSION = YES;
				GCC_WARN_ABOUT_RETURN_TYPE = YES_ERROR;
				GCC_WARN_UNDECLARED_SELECTOR = YES;
				GCC_WARN_UNINITIALIZED_AUTOS = YES_AGGRESSIVE;
				GCC_WARN_UNUSED_FUNCTION = YES;
				GCC_WARN_UNUSED_VARIABLE = YES;
				IPHONEOS_DEPLOYMENT_TARGET = 8.1;
				MTL_ENABLE_DEBUG_INFO = NO;
				SDKROOT = iphoneos;
				TARGETED_DEVICE_FAMILY = "1,2";
				VALIDATE_PRODUCT = YES;
			};
			name = Release;
		};
		352229181A34021E0047C62E /* Debug */ = {
			isa = XCBuildConfiguration;
			buildSettings = {
				ASSETCATALOG_COMPILER_APPICON_NAME = AppIcon;
				INFOPLIST_FILE = "ControlFlow-XCode/Info.plist";
				LD_RUNPATH_SEARCH_PATHS = "$(inherited) @executable_path/Frameworks";
				PRODUCT_NAME = "$(TARGET_NAME)";
			};
			name = Debug;
		};
		352229191A34021E0047C62E /* Release */ = {
			isa = XCBuildConfiguration;
			buildSettings = {
				ASSETCATALOG_COMPILER_APPICON_NAME = AppIcon;
				INFOPLIST_FILE = "ControlFlow-XCode/Info.plist";
				LD_RUNPATH_SEARCH_PATHS = "$(inherited) @executable_path/Frameworks";
				PRODUCT_NAME = "$(TARGET_NAME)";
			};
			name = Release;
		};
		3522291B1A34021E0047C62E /* Debug */ = {
			isa = XCBuildConfiguration;
			buildSettings = {
				BUNDLE_LOADER = "$(TEST_HOST)";
				FRAMEWORK_SEARCH_PATHS = (
					"$(SDKROOT)/Developer/Library/Frameworks",
					"$(inherited)",
				);
				GCC_PREPROCESSOR_DEFINITIONS = (
					"DEBUG=1",
					"$(inherited)",
				);
				INFOPLIST_FILE = "ControlFlow-XCodeTests/Info.plist";
				LD_RUNPATH_SEARCH_PATHS = "$(inherited) @executable_path/Frameworks @loader_path/Frameworks";
				PRODUCT_NAME = "$(TARGET_NAME)";
				TEST_HOST = "$(BUILT_PRODUCTS_DIR)/ControlFlow-XCode.app/ControlFlow-XCode";
			};
			name = Debug;
		};
		3522291C1A34021E0047C62E /* Release */ = {
			isa = XCBuildConfiguration;
			buildSettings = {
				BUNDLE_LOADER = "$(TEST_HOST)";
				FRAMEWORK_SEARCH_PATHS = (
					"$(SDKROOT)/Developer/Library/Frameworks",
					"$(inherited)",
				);
				INFOPLIST_FILE = "ControlFlow-XCodeTests/Info.plist";
				LD_RUNPATH_SEARCH_PATHS = "$(inherited) @executable_path/Frameworks @loader_path/Frameworks";
				PRODUCT_NAME = "$(TARGET_NAME)";
				TEST_HOST = "$(BUILT_PRODUCTS_DIR)/ControlFlow-XCode.app/ControlFlow-XCode";
			};
			name = Release;
		};
/* End XCBuildConfiguration section */

/* Begin XCConfigurationList section */
		352228F01A34021E0047C62E /* Build configuration list for PBXProject "ControlFlow-XCode" */ = {
			isa = XCConfigurationList;
			buildConfigurations = (
				352229151A34021E0047C62E /* Debug */,
				352229161A34021E0047C62E /* Release */,
			);
			defaultConfigurationIsVisible = 0;
			defaultConfigurationName = Release;
		};
		352229171A34021E0047C62E /* Build configuration list for PBXNativeTarget "ControlFlow-XCode" */ = {
			isa = XCConfigurationList;
			buildConfigurations = (
				352229181A34021E0047C62E /* Debug */,
				352229191A34021E0047C62E /* Release */,
			);
			defaultConfigurationIsVisible = 0;
		};
		3522291A1A34021E0047C62E /* Build configuration list for PBXNativeTarget "ControlFlow-XCodeTests" */ = {
			isa = XCConfigurationList;
			buildConfigurations = (
				3522291B1A34021E0047C62E /* Debug */,
				3522291C1A34021E0047C62E /* Release */,
			);
			defaultConfigurationIsVisible = 0;
		};
/* End XCConfigurationList section */

/* Begin XCVersionGroup section */
		352228FC1A34021E0047C62E /* ControlFlow_XCode.xcdatamodeld */ = {
			isa = XCVersionGroup;
			children = (
				352228FD1A34021E0047C62E /* ControlFlow_XCode.xcdatamodel */,
			);
			currentVersion = 352228FD1A34021E0047C62E /* ControlFlow_XCode.xcdatamodel */;
			path = ControlFlow_XCode.xcdatamodeld;
			sourceTree = "<group>";
			versionGroupType = wrapper.xcdatamodel;
		};
/* End XCVersionGroup section */
	};
	rootObject = 352228ED1A34021E0047C62E /* Project object */;
}
